
Microsoft Visual Studio Solution File, Format Version 12.00
# Visual Studio Version 16
VisualStudioVersion = 16.0.31613.86
MinimumVisualStudioVersion = 10.0.40219.1
Project("{2150E333-8FDC-42A3-9474-1A3956D46DE8}") = "src", "src", "{99BA4A6B-551F-4D40-8DB9-92E63246431D}"
EndProject
Project("{9A19103F-16F7-4668-BE54-9A1E7A4F7556}") = "Shop", "Shop\Shop.csproj", "{0FDAF520-563F-4E25-98F8-77F5E0F203D1}"
EndProject
Project("{2150E333-8FDC-42A3-9474-1A3956D46DE8}") = "test", "test", "{B3A12C3D-451D-4A2B-B1F7-54B3EC1332E9}"
EndProject
Project("{FAE04EC0-301F-11D3-BF4B-00C04F79EFBC}") = "ShopTesting", "ShopTesting\ShopTesting.csproj", "{2E8D38FC-A6DC-4661-8682-7DEE75DFF1B1}"
EndProject
Global
	GlobalSection(SolutionConfigurationPlatforms) = preSolution
		Debug|Any CPU = Debug|Any CPU
		Release|Any CPU = Release|Any CPU
	EndGlobalSection
	GlobalSection(ProjectConfigurationPlatforms) = postSolution
		{0FDAF520-563F-4E25-98F8-77F5E0F203D1}.Debug|Any CPU.ActiveCfg = Debug|Any CPU
		{0FDAF520-563F-4E25-98F8-77F5E0F203D1}.Debug|Any CPU.Build.0 = Debug|Any CPU
		{0FDAF520-563F-4E25-98F8-77F5E0F203D1}.Release|Any CPU.ActiveCfg = Release|Any CPU
		{0FDAF520-563F-4E25-98F8-77F5E0F203D1}.Release|Any CPU.Build.0 = Release|Any CPU
		{2E8D38FC-A6DC-4661-8682-7DEE75DFF1B1}.Debug|Any CPU.ActiveCfg = Debug|Any CPU
		{2E8D38FC-A6DC-4661-8682-7DEE75DFF1B1}.Debug|Any CPU.Build.0 = Debug|Any CPU
		{2E8D38FC-A6DC-4661-8682-7DEE75DFF1B1}.Release|Any CPU.ActiveCfg = Release|Any CPU
		{2E8D38FC-A6DC-4661-8682-7DEE75DFF1B1}.Release|Any CPU.Build.0 = Release|Any CPU
	EndGlobalSection
	GlobalSection(SolutionProperties) = preSolution
		HideSolutionNode = FALSE
	EndGlobalSection
	GlobalSection(NestedProjects) = preSolution
		{0FDAF520-563F-4E25-98F8-77F5E0F203D1} = {99BA4A6B-551F-4D40-8DB9-92E63246431D}
		{2E8D38FC-A6DC-4661-8682-7DEE75DFF1B1} = {B3A12C3D-451D-4A2B-B1F7-54B3EC1332E9}
	EndGlobalSection
	GlobalSection(ExtensibilityGlobals) = postSolution
		SolutionGuid = {CF099928-6CE7-42FA-BECE-FF8A90A675F1}
	EndGlobalSection
EndGlobal
